
Microsoft Visual Studio Solution File, Format Version 12.00
# Visual Studio Version 17
VisualStudioVersion = 17.14.36623.8 d17.14
MinimumVisualStudioVersion = 10.0.40219.1
Project("{FAE04EC0-301F-11D3-BF4B-00C04F79EFBC}") = "ScreenSaver", "ScreenSaver\ScreenSaver.csproj", "{F1820924-E954-4558-820E-F42EF315B752}"
EndProject
Global
	GlobalSection(SolutionConfigurationPlatforms) = preSolution
		Debug|Any CPU = Debug|Any CPU
		Release|Any CPU = Release|Any CPU
	EndGlobalSection
	GlobalSection(ProjectConfigurationPlatforms) = postSolution
		{F1820924-E954-4558-820E-F42EF315B752}.Debug|Any CPU.ActiveCfg = Debug|Any CPU
		{F1820924-E954-4558-820E-F42EF315B752}.Debug|Any CPU.Build.0 = Debug|Any CPU
		{F1820924-E954-4558-820E-F42EF315B752}.Release|Any CPU.ActiveCfg = Release|Any CPU
		{F1820924-E954-4558-820E-F42EF315B752}.Release|Any CPU.Build.0 = Release|Any CPU
	EndGlobalSection
	GlobalSection(SolutionProperties) = preSolution
		HideSolutionNode = FALSE
	EndGlobalSection
	GlobalSection(ExtensibilityGlobals) = postSolution
		SolutionGuid = {E7EB4E8E-FF62-4BFA-A5E0-FA053AB0E3B3}
	EndGlobalSection
EndGlobal
