
Microsoft Visual Studio Solution File, Format Version 12.00
# Visual Studio Version 17
VisualStudioVersion = 17.14.36623.8 d17.14
MinimumVisualStudioVersion = 10.0.40219.1
Project("{FAE04EC0-301F-11D3-BF4B-00C04F79EFBC}") = "calculator", "calculator\calculator.csproj", "{77422597-77CA-41AB-AD22-9A604E6EF0E5}"
EndProject
Global
	GlobalSection(SolutionConfigurationPlatforms) = preSolution
		Debug|Any CPU = Debug|Any CPU
		Release|Any CPU = Release|Any CPU
	EndGlobalSection
	GlobalSection(ProjectConfigurationPlatforms) = postSolution
		{77422597-77CA-41AB-AD22-9A604E6EF0E5}.Debug|Any CPU.ActiveCfg = Debug|Any CPU
		{77422597-77CA-41AB-AD22-9A604E6EF0E5}.Debug|Any CPU.Build.0 = Debug|Any CPU
		{77422597-77CA-41AB-AD22-9A604E6EF0E5}.Release|Any CPU.ActiveCfg = Release|Any CPU
		{77422597-77CA-41AB-AD22-9A604E6EF0E5}.Release|Any CPU.Build.0 = Release|Any CPU
	EndGlobalSection
	GlobalSection(SolutionProperties) = preSolution
		HideSolutionNode = FALSE
	EndGlobalSection
	GlobalSection(ExtensibilityGlobals) = postSolution
		SolutionGuid = {E9F080BB-79A3-4D45-8B4A-4F7FCD0BBD1F}
	EndGlobalSection
EndGlobal
