
Microsoft Visual Studio Solution File, Format Version 12.00
# Visual Studio Version 17
VisualStudioVersion = 17.14.36623.8 d17.14
MinimumVisualStudioVersion = 10.0.40219.1
Project("{FAE04EC0-301F-11D3-BF4B-00C04F79EFBC}") = "simpleDigitalClock", "simpleDigitalClock\simpleDigitalClock.csproj", "{F9A8ECE1-F8DB-4CB9-A243-C34BA01A649C}"
EndProject
Global
	GlobalSection(SolutionConfigurationPlatforms) = preSolution
		Debug|Any CPU = Debug|Any CPU
		Release|Any CPU = Release|Any CPU
	EndGlobalSection
	GlobalSection(ProjectConfigurationPlatforms) = postSolution
		{F9A8ECE1-F8DB-4CB9-A243-C34BA01A649C}.Debug|Any CPU.ActiveCfg = Debug|Any CPU
		{F9A8ECE1-F8DB-4CB9-A243-C34BA01A649C}.Debug|Any CPU.Build.0 = Debug|Any CPU
		{F9A8ECE1-F8DB-4CB9-A243-C34BA01A649C}.Release|Any CPU.ActiveCfg = Release|Any CPU
		{F9A8ECE1-F8DB-4CB9-A243-C34BA01A649C}.Release|Any CPU.Build.0 = Release|Any CPU
	EndGlobalSection
	GlobalSection(SolutionProperties) = preSolution
		HideSolutionNode = FALSE
	EndGlobalSection
	GlobalSection(ExtensibilityGlobals) = postSolution
		SolutionGuid = {9DBBA414-CF6A-4DF9-9762-ABAB0B93428A}
	EndGlobalSection
EndGlobal
